
Microsoft Visual Studio Solution File, Format Version 12.00
# Visual Studio Version 16
VisualStudioVersion = 16.0.30804.86
MinimumVisualStudioVersion = 10.0.40219.1
Project("{FAE04EC0-301F-11D3-BF4B-00C04F79EFBC}") = "El_StringBuilder", "El_StringBuilder.csproj", "{5260C26B-6D7D-40D2-A7A6-0DBE0EAAA1C0}"
EndProject
Global
	GlobalSection(SolutionConfigurationPlatforms) = preSolution
		Debug|Any CPU = Debug|Any CPU
		Release|Any CPU = Release|Any CPU
	EndGlobalSection
	GlobalSection(ProjectConfigurationPlatforms) = postSolution
		{5260C26B-6D7D-40D2-A7A6-0DBE0EAAA1C0}.Debug|Any CPU.ActiveCfg = Debug|Any CPU
		{5260C26B-6D7D-40D2-A7A6-0DBE0EAAA1C0}.Debug|Any CPU.Build.0 = Debug|Any CPU
		{5260C26B-6D7D-40D2-A7A6-0DBE0EAAA1C0}.Release|Any CPU.ActiveCfg = Release|Any CPU
		{5260C26B-6D7D-40D2-A7A6-0DBE0EAAA1C0}.Release|Any CPU.Build.0 = Release|Any CPU
	EndGlobalSection
	GlobalSection(SolutionProperties) = preSolution
		HideSolutionNode = FALSE
	EndGlobalSection
	GlobalSection(ExtensibilityGlobals) = postSolution
		SolutionGuid = {9C3BF947-D8F3-4C3E-988E-D62D7613DADF}
	EndGlobalSection
EndGlobal
