
Microsoft Visual Studio Solution File, Format Version 12.00
# Visual Studio Version 16
VisualStudioVersion = 16.0.30804.86
MinimumVisualStudioVersion = 10.0.40219.1
Project("{FAE04EC0-301F-11D3-BF4B-00C04F79EFBC}") = "Intro_ProcedimientosYFunciones", "Intro_ProcedimientosYFunciones.csproj", "{BD32E1F9-5E39-4378-9FDF-436A51B2573C}"
EndProject
Project("{2150E333-8FDC-42A3-9474-1A3956D46DE8}") = "Modulo 4", "Modulo 4", "{EE0F706D-848E-4A4C-BCD2-3190E822DD6A}"
EndProject
Project("{FAE04EC0-301F-11D3-BF4B-00C04F79EFBC}") = "Ejemplo_de_Funciones", "..\Ejemplo_de_Funciones\Ejemplo_de_Funciones.csproj", "{3A401EFB-51E6-40EE-BA7A-EF4B6A807B75}"
EndProject
Project("{FAE04EC0-301F-11D3-BF4B-00C04F79EFBC}") = "Cadenas", "..\Cadenas\Cadenas.csproj", "{2D7CFE6A-422A-48AC-B6D7-272563CA5745}"
EndProject
Project("{2150E333-8FDC-42A3-9474-1A3956D46DE8}") = "Modulo 5", "Modulo 5", "{B68C2186-5D6B-44FB-9B64-D1963BD6C053}"
EndProject
Project("{FAE04EC0-301F-11D3-BF4B-00C04F79EFBC}") = "Concatenar_Cadenas", "..\Concatenar_Cadenas\Concatenar_Cadenas.csproj", "{4A016EB7-1201-4DC1-AAB4-5376C6C3F7D6}"
EndProject
Project("{FAE04EC0-301F-11D3-BF4B-00C04F79EFBC}") = "Operaciones_Con_Cadenas", "..\Operaciones_Con_Cadenas\Operaciones_Con_Cadenas.csproj", "{50D853B1-32F3-4F63-A9F8-5E9A77645908}"
EndProject
Project("{2150E333-8FDC-42A3-9474-1A3956D46DE8}") = "Modulo 6", "Modulo 6", "{609F2592-DCE3-42E6-BC69-7F5F761C02DB}"
EndProject
Project("{FAE04EC0-301F-11D3-BF4B-00C04F79EFBC}") = "Colecciones", "..\Colecciones\Colecciones.csproj", "{2DE77F20-DAC7-4EB2-82A5-C5E31F1EBD06}"
EndProject
Project("{FAE04EC0-301F-11D3-BF4B-00C04F79EFBC}") = "Tipo_ArrayList", "..\Tipo_ArrayList\Tipo_ArrayList.csproj", "{32F4E943-090B-4938-957B-3A9DBE37F5E8}"
EndProject
Project("{FAE04EC0-301F-11D3-BF4B-00C04F79EFBC}") = "Pilas", "..\Pilas\Pilas.csproj", "{B3502A92-6377-463D-AFE8-BDA7532D8F9F}"
EndProject
Project("{2150E333-8FDC-42A3-9474-1A3956D46DE8}") = "Modulo 7", "Modulo 7", "{99E43FCB-DFD1-443C-B7C4-23FE1B6D3180}"
EndProject
Project("{FAE04EC0-301F-11D3-BF4B-00C04F79EFBC}") = "Clases y objetos", "..\Clases y objetos\Clases y objetos.csproj", "{6186F79A-C943-4D70-BC1A-187FA440038D}"
EndProject
Project("{FAE04EC0-301F-11D3-BF4B-00C04F79EFBC}") = "Abstraccion", "..\Abstraccion\Abstraccion.csproj", "{9522FF21-416C-4A19-8DFD-69C3BDF6199B}"
EndProject
Project("{FAE04EC0-301F-11D3-BF4B-00C04F79EFBC}") = "Encapsulacion", "..\Encapsulacion\Encapsulacion.csproj", "{4705B451-BEB1-4F7F-A213-8F288801EB56}"
EndProject
Project("{FAE04EC0-301F-11D3-BF4B-00C04F79EFBC}") = "Herencia", "..\Herencia\Herencia.csproj", "{E5DB3ECB-BAE0-4BEE-816E-512C5C6D6457}"
EndProject
Project("{FAE04EC0-301F-11D3-BF4B-00C04F79EFBC}") = "Funciones Locales", "..\Funciones Locales\Funciones Locales.csproj", "{3C9BB2A8-425B-4785-94A2-9D142EA60698}"
EndProject
Project("{FAE04EC0-301F-11D3-BF4B-00C04F79EFBC}") = "Funciones", "..\Funciones\Funciones.csproj", "{57259CA7-9CC5-494F-8B9D-E773ABB980A4}"
EndProject
Project("{FAE04EC0-301F-11D3-BF4B-00C04F79EFBC}") = "Paso por Valor y por Referencia", "..\Paso por Valor y por Referencia\Paso por Valor y por Referencia.csproj", "{E9E28172-A065-4374-BA49-72ACD0951D4C}"
EndProject
Project("{FAE04EC0-301F-11D3-BF4B-00C04F79EFBC}") = "El_StringBuilder", "..\El_StringBuilder\El_StringBuilder.csproj", "{5260C26B-6D7D-40D2-A7A6-0DBE0EAAA1C0}"
EndProject
Project("{FAE04EC0-301F-11D3-BF4B-00C04F79EFBC}") = "Fecha", "..\Fecha\Fecha.csproj", "{98571B31-A4F8-414D-B379-58A4F6B65476}"
EndProject
Global
	GlobalSection(SolutionConfigurationPlatforms) = preSolution
		Debug|Any CPU = Debug|Any CPU
		Release|Any CPU = Release|Any CPU
	EndGlobalSection
	GlobalSection(ProjectConfigurationPlatforms) = postSolution
		{BD32E1F9-5E39-4378-9FDF-436A51B2573C}.Debug|Any CPU.ActiveCfg = Debug|Any CPU
		{BD32E1F9-5E39-4378-9FDF-436A51B2573C}.Debug|Any CPU.Build.0 = Debug|Any CPU
		{BD32E1F9-5E39-4378-9FDF-436A51B2573C}.Release|Any CPU.ActiveCfg = Release|Any CPU
		{BD32E1F9-5E39-4378-9FDF-436A51B2573C}.Release|Any CPU.Build.0 = Release|Any CPU
		{3A401EFB-51E6-40EE-BA7A-EF4B6A807B75}.Debug|Any CPU.ActiveCfg = Debug|Any CPU
		{3A401EFB-51E6-40EE-BA7A-EF4B6A807B75}.Debug|Any CPU.Build.0 = Debug|Any CPU
		{3A401EFB-51E6-40EE-BA7A-EF4B6A807B75}.Release|Any CPU.ActiveCfg = Release|Any CPU
		{3A401EFB-51E6-40EE-BA7A-EF4B6A807B75}.Release|Any CPU.Build.0 = Release|Any CPU
		{2D7CFE6A-422A-48AC-B6D7-272563CA5745}.Debug|Any CPU.ActiveCfg = Debug|Any CPU
		{2D7CFE6A-422A-48AC-B6D7-272563CA5745}.Debug|Any CPU.Build.0 = Debug|Any CPU
		{2D7CFE6A-422A-48AC-B6D7-272563CA5745}.Release|Any CPU.ActiveCfg = Release|Any CPU
		{2D7CFE6A-422A-48AC-B6D7-272563CA5745}.Release|Any CPU.Build.0 = Release|Any CPU
		{4A016EB7-1201-4DC1-AAB4-5376C6C3F7D6}.Debug|Any CPU.ActiveCfg = Debug|Any CPU
		{4A016EB7-1201-4DC1-AAB4-5376C6C3F7D6}.Debug|Any CPU.Build.0 = Debug|Any CPU
		{4A016EB7-1201-4DC1-AAB4-5376C6C3F7D6}.Release|Any CPU.ActiveCfg = Release|Any CPU
		{4A016EB7-1201-4DC1-AAB4-5376C6C3F7D6}.Release|Any CPU.Build.0 = Release|Any CPU
		{50D853B1-32F3-4F63-A9F8-5E9A77645908}.Debug|Any CPU.ActiveCfg = Debug|Any CPU
		{50D853B1-32F3-4F63-A9F8-5E9A77645908}.Debug|Any CPU.Build.0 = Debug|Any CPU
		{50D853B1-32F3-4F63-A9F8-5E9A77645908}.Release|Any CPU.ActiveCfg = Release|Any CPU
		{50D853B1-32F3-4F63-A9F8-5E9A77645908}.Release|Any CPU.Build.0 = Release|Any CPU
		{2DE77F20-DAC7-4EB2-82A5-C5E31F1EBD06}.Debug|Any CPU.ActiveCfg = Debug|Any CPU
		{2DE77F20-DAC7-4EB2-82A5-C5E31F1EBD06}.Debug|Any CPU.Build.0 = Debug|Any CPU
		{2DE77F20-DAC7-4EB2-82A5-C5E31F1EBD06}.Release|Any CPU.ActiveCfg = Release|Any CPU
		{2DE77F20-DAC7-4EB2-82A5-C5E31F1EBD06}.Release|Any CPU.Build.0 = Release|Any CPU
		{32F4E943-090B-4938-957B-3A9DBE37F5E8}.Debug|Any CPU.ActiveCfg = Debug|Any CPU
		{32F4E943-090B-4938-957B-3A9DBE37F5E8}.Debug|Any CPU.Build.0 = Debug|Any CPU
		{32F4E943-090B-4938-957B-3A9DBE37F5E8}.Release|Any CPU.ActiveCfg = Release|Any CPU
		{32F4E943-090B-4938-957B-3A9DBE37F5E8}.Release|Any CPU.Build.0 = Release|Any CPU
		{B3502A92-6377-463D-AFE8-BDA7532D8F9F}.Debug|Any CPU.ActiveCfg = Debug|Any CPU
		{B3502A92-6377-463D-AFE8-BDA7532D8F9F}.Debug|Any CPU.Build.0 = Debug|Any CPU
		{B3502A92-6377-463D-AFE8-BDA7532D8F9F}.Release|Any CPU.ActiveCfg = Release|Any CPU
		{B3502A92-6377-463D-AFE8-BDA7532D8F9F}.Release|Any CPU.Build.0 = Release|Any CPU
		{6186F79A-C943-4D70-BC1A-187FA440038D}.Debug|Any CPU.ActiveCfg = Debug|Any CPU
		{6186F79A-C943-4D70-BC1A-187FA440038D}.Debug|Any CPU.Build.0 = Debug|Any CPU
		{6186F79A-C943-4D70-BC1A-187FA440038D}.Release|Any CPU.ActiveCfg = Release|Any CPU
		{6186F79A-C943-4D70-BC1A-187FA440038D}.Release|Any CPU.Build.0 = Release|Any CPU
		{9522FF21-416C-4A19-8DFD-69C3BDF6199B}.Debug|Any CPU.ActiveCfg = Debug|Any CPU
		{9522FF21-416C-4A19-8DFD-69C3BDF6199B}.Debug|Any CPU.Build.0 = Debug|Any CPU
		{9522FF21-416C-4A19-8DFD-69C3BDF6199B}.Release|Any CPU.ActiveCfg = Release|Any CPU
		{9522FF21-416C-4A19-8DFD-69C3BDF6199B}.Release|Any CPU.Build.0 = Release|Any CPU
		{4705B451-BEB1-4F7F-A213-8F288801EB56}.Debug|Any CPU.ActiveCfg = Debug|Any CPU
		{4705B451-BEB1-4F7F-A213-8F288801EB56}.Debug|Any CPU.Build.0 = Debug|Any CPU
		{4705B451-BEB1-4F7F-A213-8F288801EB56}.Release|Any CPU.ActiveCfg = Release|Any CPU
		{4705B451-BEB1-4F7F-A213-8F288801EB56}.Release|Any CPU.Build.0 = Release|Any CPU
		{E5DB3ECB-BAE0-4BEE-816E-512C5C6D6457}.Debug|Any CPU.ActiveCfg = Debug|Any CPU
		{E5DB3ECB-BAE0-4BEE-816E-512C5C6D6457}.Debug|Any CPU.Build.0 = Debug|Any CPU
		{E5DB3ECB-BAE0-4BEE-816E-512C5C6D6457}.Release|Any CPU.ActiveCfg = Release|Any CPU
		{E5DB3ECB-BAE0-4BEE-816E-512C5C6D6457}.Release|Any CPU.Build.0 = Release|Any CPU
		{3C9BB2A8-425B-4785-94A2-9D142EA60698}.Debug|Any CPU.ActiveCfg = Debug|Any CPU
		{3C9BB2A8-425B-4785-94A2-9D142EA60698}.Debug|Any CPU.Build.0 = Debug|Any CPU
		{3C9BB2A8-425B-4785-94A2-9D142EA60698}.Release|Any CPU.ActiveCfg = Release|Any CPU
		{3C9BB2A8-425B-4785-94A2-9D142EA60698}.Release|Any CPU.Build.0 = Release|Any CPU
		{57259CA7-9CC5-494F-8B9D-E773ABB980A4}.Debug|Any CPU.ActiveCfg = Debug|Any CPU
		{57259CA7-9CC5-494F-8B9D-E773ABB980A4}.Debug|Any CPU.Build.0 = Debug|Any CPU
		{57259CA7-9CC5-494F-8B9D-E773ABB980A4}.Release|Any CPU.ActiveCfg = Release|Any CPU
		{57259CA7-9CC5-494F-8B9D-E773ABB980A4}.Release|Any CPU.Build.0 = Release|Any CPU
		{E9E28172-A065-4374-BA49-72ACD0951D4C}.Debug|Any CPU.ActiveCfg = Debug|Any CPU
		{E9E28172-A065-4374-BA49-72ACD0951D4C}.Debug|Any CPU.Build.0 = Debug|Any CPU
		{E9E28172-A065-4374-BA49-72ACD0951D4C}.Release|Any CPU.ActiveCfg = Release|Any CPU
		{E9E28172-A065-4374-BA49-72ACD0951D4C}.Release|Any CPU.Build.0 = Release|Any CPU
		{5260C26B-6D7D-40D2-A7A6-0DBE0EAAA1C0}.Debug|Any CPU.ActiveCfg = Debug|Any CPU
		{5260C26B-6D7D-40D2-A7A6-0DBE0EAAA1C0}.Debug|Any CPU.Build.0 = Debug|Any CPU
		{5260C26B-6D7D-40D2-A7A6-0DBE0EAAA1C0}.Release|Any CPU.ActiveCfg = Release|Any CPU
		{5260C26B-6D7D-40D2-A7A6-0DBE0EAAA1C0}.Release|Any CPU.Build.0 = Release|Any CPU
		{98571B31-A4F8-414D-B379-58A4F6B65476}.Debug|Any CPU.ActiveCfg = Debug|Any CPU
		{98571B31-A4F8-414D-B379-58A4F6B65476}.Debug|Any CPU.Build.0 = Debug|Any CPU
		{98571B31-A4F8-414D-B379-58A4F6B65476}.Release|Any CPU.ActiveCfg = Release|Any CPU
		{98571B31-A4F8-414D-B379-58A4F6B65476}.Release|Any CPU.Build.0 = Release|Any CPU
	EndGlobalSection
	GlobalSection(SolutionProperties) = preSolution
		HideSolutionNode = FALSE
	EndGlobalSection
	GlobalSection(NestedProjects) = preSolution
		{BD32E1F9-5E39-4378-9FDF-436A51B2573C} = {EE0F706D-848E-4A4C-BCD2-3190E822DD6A}
		{3A401EFB-51E6-40EE-BA7A-EF4B6A807B75} = {EE0F706D-848E-4A4C-BCD2-3190E822DD6A}
		{2D7CFE6A-422A-48AC-B6D7-272563CA5745} = {B68C2186-5D6B-44FB-9B64-D1963BD6C053}
		{4A016EB7-1201-4DC1-AAB4-5376C6C3F7D6} = {B68C2186-5D6B-44FB-9B64-D1963BD6C053}
		{50D853B1-32F3-4F63-A9F8-5E9A77645908} = {B68C2186-5D6B-44FB-9B64-D1963BD6C053}
		{2DE77F20-DAC7-4EB2-82A5-C5E31F1EBD06} = {609F2592-DCE3-42E6-BC69-7F5F761C02DB}
		{32F4E943-090B-4938-957B-3A9DBE37F5E8} = {609F2592-DCE3-42E6-BC69-7F5F761C02DB}
		{B3502A92-6377-463D-AFE8-BDA7532D8F9F} = {609F2592-DCE3-42E6-BC69-7F5F761C02DB}
		{6186F79A-C943-4D70-BC1A-187FA440038D} = {99E43FCB-DFD1-443C-B7C4-23FE1B6D3180}
		{9522FF21-416C-4A19-8DFD-69C3BDF6199B} = {99E43FCB-DFD1-443C-B7C4-23FE1B6D3180}
		{4705B451-BEB1-4F7F-A213-8F288801EB56} = {99E43FCB-DFD1-443C-B7C4-23FE1B6D3180}
		{E5DB3ECB-BAE0-4BEE-816E-512C5C6D6457} = {99E43FCB-DFD1-443C-B7C4-23FE1B6D3180}
		{3C9BB2A8-425B-4785-94A2-9D142EA60698} = {EE0F706D-848E-4A4C-BCD2-3190E822DD6A}
		{57259CA7-9CC5-494F-8B9D-E773ABB980A4} = {EE0F706D-848E-4A4C-BCD2-3190E822DD6A}
		{E9E28172-A065-4374-BA49-72ACD0951D4C} = {EE0F706D-848E-4A4C-BCD2-3190E822DD6A}
		{5260C26B-6D7D-40D2-A7A6-0DBE0EAAA1C0} = {B68C2186-5D6B-44FB-9B64-D1963BD6C053}
		{98571B31-A4F8-414D-B379-58A4F6B65476} = {B68C2186-5D6B-44FB-9B64-D1963BD6C053}
	EndGlobalSection
	GlobalSection(ExtensibilityGlobals) = postSolution
		SolutionGuid = {70C88835-5719-4CE0-8F10-4861264A5997}
	EndGlobalSection
EndGlobal
